// !$*UTF8*$!
{
	archiveVersion = 1;
	classes = {
	};
	objectVersion = 56;
	objects = {

/* Begin PBXBuildFile section */
		F798ED372B6BECBB000EA0B4 /* AppDelegate.swift in Sources */ = {isa = PBXBuildFile; fileRef = F798ED362B6BECBB000EA0B4 /* AppDelegate.swift */; };
		F798ED392B6BECBB000EA0B4 /* SceneDelegate.swift in Sources */ = {isa = PBXBuildFile; fileRef = F798ED382B6BECBB000EA0B4 /* SceneDelegate.swift */; };
		F798ED3B2B6BECBB000EA0B4 /* ViewController.swift in Sources */ = {isa = PBXBuildFile; fileRef = F798ED3A2B6BECBB000EA0B4 /* ViewController.swift */; };
		F798ED3E2B6BECBB000EA0B4 /* Main.storyboard in Resources */ = {isa = PBXBuildFile; fileRef = F798ED3C2B6BECBB000EA0B4 /* Main.storyboard */; };
		F798ED402B6BECBC000EA0B4 /* Assets.xcassets in Resources */ = {isa = PBXBuildFile; fileRef = F798ED3F2B6BECBC000EA0B4 /* Assets.xcassets */; };
		F798ED432B6BECBC000EA0B4 /* LaunchScreen.storyboard in Resources */ = {isa = PBXBuildFile; fileRef = F798ED412B6BECBC000EA0B4 /* LaunchScreen.storyboard */; };
		F798ED512B6BED3C000EA0B4 /* TDD2Tests.swift in Sources */ = {isa = PBXBuildFile; fileRef = F798ED502B6BED3C000EA0B4 /* TDD2Tests.swift */; };
		F798ED582B6BEFCF000EA0B4 /* InterestingTesting.swift in Sources */ = {isa = PBXBuildFile; fileRef = F798ED572B6BEFCF000EA0B4 /* InterestingTesting.swift */; };
/* End PBXBuildFile section */

/* Begin PBXContainerItemProxy section */
		F798ED522B6BED3C000EA0B4 /* PBXContainerItemProxy */ = {
			isa = PBXContainerItemProxy;
			containerPortal = F798ED2B2B6BECBB000EA0B4 /* Project object */;
			proxyType = 1;
			remoteGlobalIDString = F798ED322B6BECBB000EA0B4;
			remoteInfo = TDD2;
		};
/* End PBXContainerItemProxy section */

/* Begin PBXFileReference section */
		F798ED332B6BECBB000EA0B4 /* TDD2.app */ = {isa = PBXFileReference; explicitFileType = wrapper.application; includeInIndex = 0; path = TDD2.app; sourceTree = BUILT_PRODUCTS_DIR; };
		F798ED362B6BECBB000EA0B4 /* AppDelegate.swift */ = {isa = PBXFileReference; lastKnownFileType = sourcecode.swift; path = AppDelegate.swift; sourceTree = "<group>"; };
		F798ED382B6BECBB000EA0B4 /* SceneDelegate.swift */ = {isa = PBXFileReference; lastKnownFileType = sourcecode.swift; path = SceneDelegate.swift; sourceTree = "<group>"; };
		F798ED3A2B6BECBB000EA0B4 /* ViewController.swift */ = {isa = PBXFileReference; lastKnownFileType = sourcecode.swift; path = ViewController.swift; sourceTree = "<group>"; };
		F798ED3D2B6BECBB000EA0B4 /* Base */ = {isa = PBXFileReference; lastKnownFileType = file.storyboard; name = Base; path = Base.lproj/Main.storyboard; sourceTree = "<group>"; };
		F798ED3F2B6BECBC000EA0B4 /* Assets.xcassets */ = {isa = PBXFileReference; lastKnownFileType = folder.assetcatalog; path = Assets.xcassets; sourceTree = "<group>"; };
		F798ED422B6BECBC000EA0B4 /* Base */ = {isa = PBXFileReference; lastKnownFileType = file.storyboard; name = Base; path = Base.lproj/LaunchScreen.storyboard; sourceTree = "<group>"; };
		F798ED442B6BECBC000EA0B4 /* Info.plist */ = {isa = PBXFileReference; lastKnownFileType = text.plist.xml; path = Info.plist; sourceTree = "<group>"; };
		F798ED4E2B6BED3C000EA0B4 /* TDD2Tests.xctest */ = {isa = PBXFileReference; explicitFileType = wrapper.cfbundle; includeInIndex = 0; path = TDD2Tests.xctest; sourceTree = BUILT_PRODUCTS_DIR; };
		F798ED502B6BED3C000EA0B4 /* TDD2Tests.swift */ = {isa = PBXFileReference; lastKnownFileType = sourcecode.swift; path = TDD2Tests.swift; sourceTree = "<group>"; };
		F798ED572B6BEFCF000EA0B4 /* InterestingTesting.swift */ = {isa = PBXFileReference; lastKnownFileType = sourcecode.swift; path = InterestingTesting.swift; sourceTree = "<group>"; };
/* End PBXFileReference section */

/* Begin PBXFrameworksBuildPhase section */
		F798ED302B6BECBB000EA0B4 /* Frameworks */ = {
			isa = PBXFrameworksBuildPhase;
			buildActionMask = 2147483647;
			files = (
			);
			runOnlyForDeploymentPostprocessing = 0;
		};
		F798ED4B2B6BED3C000EA0B4 /* Frameworks */ = {
			isa = PBXFrameworksBuildPhase;
			buildActionMask = 2147483647;
			files = (
			);
			runOnlyForDeploymentPostprocessing = 0;
		};
/* End PBXFrameworksBuildPhase section */

/* Begin PBXGroup section */
		F798ED2A2B6BECBB000EA0B4 = {
			isa = PBXGroup;
			children = (
				F798ED352B6BECBB000EA0B4 /* TDD2 */,
				F798ED4F2B6BED3C000EA0B4 /* TDD2Tests */,
				F798ED342B6BECBB000EA0B4 /* Products */,
			);
			sourceTree = "<group>";
		};
		F798ED342B6BECBB000EA0B4 /* Products */ = {
			isa = PBXGroup;
			children = (
				F798ED332B6BECBB000EA0B4 /* TDD2.app */,
				F798ED4E2B6BED3C000EA0B4 /* TDD2Tests.xctest */,
			);
			name = Products;
			sourceTree = "<group>";
		};
		F798ED352B6BECBB000EA0B4 /* TDD2 */ = {
			isa = PBXGroup;
			children = (
				F798ED362B6BECBB000EA0B4 /* AppDelegate.swift */,
				F798ED382B6BECBB000EA0B4 /* SceneDelegate.swift */,
				F798ED3A2B6BECBB000EA0B4 /* ViewController.swift */,
				F798ED572B6BEFCF000EA0B4 /* InterestingTesting.swift */,
				F798ED3C2B6BECBB000EA0B4 /* Main.storyboard */,
				F798ED3F2B6BECBC000EA0B4 /* Assets.xcassets */,
				F798ED412B6BECBC000EA0B4 /* LaunchScreen.storyboard */,
				F798ED442B6BECBC000EA0B4 /* Info.plist */,
			);
			path = TDD2;
			sourceTree = "<group>";
		};
		F798ED4F2B6BED3C000EA0B4 /* TDD2Tests */ = {
			isa = PBXGroup;
			children = (
				F798ED502B6BED3C000EA0B4 /* TDD2Tests.swift */,
			);
			path = TDD2Tests;
			sourceTree = "<group>";
		};
/* End PBXGroup section */

/* Begin PBXNativeTarget section */
		F798ED322B6BECBB000EA0B4 /* TDD2 */ = {
			isa = PBXNativeTarget;
			buildConfigurationList = F798ED472B6BECBC000EA0B4 /* Build configuration list for PBXNativeTarget "TDD2" */;
			buildPhases = (
				F798ED2F2B6BECBB000EA0B4 /* Sources */,
				F798ED302B6BECBB000EA0B4 /* Frameworks */,
				F798ED312B6BECBB000EA0B4 /* Resources */,
			);
			buildRules = (
			);
			dependencies = (
			);
			name = TDD2;
			productName = TDD2;
			productReference = F798ED332B6BECBB000EA0B4 /* TDD2.app */;
			productType = "com.apple.product-type.application";
		};
		F798ED4D2B6BED3C000EA0B4 /* TDD2Tests */ = {
			isa = PBXNativeTarget;
			buildConfigurationList = F798ED562B6BED3D000EA0B4 /* Build configuration list for PBXNativeTarget "TDD2Tests" */;
			buildPhases = (
				F798ED4A2B6BED3C000EA0B4 /* Sources */,
				F798ED4B2B6BED3C000EA0B4 /* Frameworks */,
				F798ED4C2B6BED3C000EA0B4 /* Resources */,
			);
			buildRules = (
			);
			dependencies = (
				F798ED532B6BED3C000EA0B4 /* PBXTargetDependency */,
			);
			name = TDD2Tests;
			productName = TDD2Tests;
			productReference = F798ED4E2B6BED3C000EA0B4 /* TDD2Tests.xctest */;
			productType = "com.apple.product-type.bundle.unit-test";
		};
/* End PBXNativeTarget section */

/* Begin PBXProject section */
		F798ED2B2B6BECBB000EA0B4 /* Project object */ = {
			isa = PBXProject;
			attributes = {
				BuildIndependentTargetsInParallel = 1;
				LastSwiftUpdateCheck = 1520;
				LastUpgradeCheck = 1520;
				TargetAttributes = {
					F798ED322B6BECBB000EA0B4 = {
						CreatedOnToolsVersion = 15.2;
					};
					F798ED4D2B6BED3C000EA0B4 = {
						CreatedOnToolsVersion = 15.2;
						TestTargetID = F798ED322B6BECBB000EA0B4;
					};
				};
			};
			buildConfigurationList = F798ED2E2B6BECBB000EA0B4 /* Build configuration list for PBXProject "TDD2" */;
			compatibilityVersion = "Xcode 14.0";
			developmentRegion = en;
			hasScannedForEncodings = 0;
			knownRegions = (
				en,
				Base,
			);
			mainGroup = F798ED2A2B6BECBB000EA0B4;
			productRefGroup = F798ED342B6BECBB000EA0B4 /* Products */;
			projectDirPath = "";
			projectRoot = "";
			targets = (
				F798ED322B6BECBB000EA0B4 /* TDD2 */,
				F798ED4D2B6BED3C000EA0B4 /* TDD2Tests */,
			);
		};
/* End PBXProject section */

/* Begin PBXResourcesBuildPhase section */
		F798ED312B6BECBB000EA0B4 /* Resources */ = {
			isa = PBXResourcesBuildPhase;
			buildActionMask = 2147483647;
			files = (
				F798ED432B6BECBC000EA0B4 /* LaunchScreen.storyboard in Resources */,
				F798ED402B6BECBC000EA0B4 /* Assets.xcassets in Resources */,
				F798ED3E2B6BECBB000EA0B4 /* Main.storyboard in Resources */,
			);
			runOnlyForDeploymentPostprocessing = 0;
		};
		F798ED4C2B6BED3C000EA0B4 /* Resources */ = {
			isa = PBXResourcesBuildPhase;
			buildActionMask = 2147483647;
			files = (
			);
			runOnlyForDeploymentPostprocessing = 0;
		};
/* End PBXResourcesBuildPhase section */

/* Begin PBXSourcesBuildPhase section */
		F798ED2F2B6BECBB000EA0B4 /* Sources */ = {
			isa = PBXSourcesBuildPhase;
			buildActionMask = 2147483647;
			files = (
				F798ED3B2B6BECBB000EA0B4 /* ViewController.swift in Sources */,
				F798ED582B6BEFCF000EA0B4 /* InterestingTesting.swift in Sources */,
				F798ED372B6BECBB000EA0B4 /* AppDelegate.swift in Sources */,
				F798ED392B6BECBB000EA0B4 /* SceneDelegate.swift in Sources */,
			);
			runOnlyForDeploymentPostprocessing = 0;
		};
		F798ED4A2B6BED3C000EA0B4 /* Sources */ = {
			isa = PBXSourcesBuildPhase;
			buildActionMask = 2147483647;
			files = (
				F798ED512B6BED3C000EA0B4 /* TDD2Tests.swift in Sources */,
			);
			runOnlyForDeploymentPostprocessing = 0;
		};
/* End PBXSourcesBuildPhase section */

/* Begin PBXTargetDependency section */
		F798ED532B6BED3C000EA0B4 /* PBXTargetDependency */ = {
			isa = PBXTargetDependency;
			target = F798ED322B6BECBB000EA0B4 /* TDD2 */;
			targetProxy = F798ED522B6BED3C000EA0B4 /* PBXContainerItemProxy */;
		};
/* End PBXTargetDependency section */

/* Begin PBXVariantGroup section */
		F798ED3C2B6BECBB000EA0B4 /* Main.storyboard */ = {
			isa = PBXVariantGroup;
			children = (
				F798ED3D2B6BECBB000EA0B4 /* Base */,
			);
			name = Main.storyboard;
			sourceTree = "<group>";
		};
		F798ED412B6BECBC000EA0B4 /* LaunchScreen.storyboard */ = {
			isa = PBXVariantGroup;
			children = (
				F798ED422B6BECBC000EA0B4 /* Base */,
			);
			name = LaunchScreen.storyboard;
			sourceTree = "<group>";
		};
/* End PBXVariantGroup section */

/* Begin XCBuildConfiguration section */
		F798ED452B6BECBC000EA0B4 /* Debug */ = {
			isa = XCBuildConfiguration;
			buildSettings = {
				ALWAYS_SEARCH_USER_PATHS = NO;
				ASSETCATALOG_COMPILER_GENERATE_SWIFT_ASSET_SYMBOL_EXTENSIONS = YES;
				CLANG_ANALYZER_NONNULL = YES;
				CLANG_ANALYZER_NUMBER_OBJECT_CONVERSION = YES_AGGRESSIVE;
				CLANG_CXX_LANGUAGE_STANDARD = "gnu++20";
				CLANG_ENABLE_MODULES = YES;
				CLANG_ENABLE_OBJC_ARC = YES;
				CLANG_ENABLE_OBJC_WEAK = YES;
				CLANG_WARN_BLOCK_CAPTURE_AUTORELEASING = YES;
				CLANG_WARN_BOOL_CONVERSION = YES;
				CLANG_WARN_COMMA = YES;
				CLANG_WARN_CONSTANT_CONVERSION = YES;
				CLANG_WARN_DEPRECATED_OBJC_IMPLEMENTATIONS = YES;
				CLANG_WARN_DIRECT_OBJC_ISA_USAGE = YES_ERROR;
				CLANG_WARN_DOCUMENTATION_COMMENTS = YES;
				CLANG_WARN_EMPTY_BODY = YES;
				CLANG_WARN_ENUM_CONVERSION = YES;
				CLANG_WARN_INFINITE_RECURSION = YES;
				CLANG_WARN_INT_CONVERSION = YES;
				CLANG_WARN_NON_LITERAL_NULL_CONVERSION = YES;
				CLANG_WARN_OBJC_IMPLICIT_RETAIN_SELF = YES;
				CLANG_WARN_OBJC_LITERAL_CONVERSION = YES;
				CLANG_WARN_OBJC_ROOT_CLASS = YES_ERROR;
				CLANG_WARN_QUOTED_INCLUDE_IN_FRAMEWORK_HEADER = YES;
				CLANG_WARN_RANGE_LOOP_ANALYSIS = YES;
				CLANG_WARN_STRICT_PROTOTYPES = YES;
				CLANG_WARN_SUSPICIOUS_MOVE = YES;
				CLANG_WARN_UNGUARDED_AVAILABILITY = YES_AGGRESSIVE;
				CLANG_WARN_UNREACHABLE_CODE = YES;
				CLANG_WARN__DUPLICATE_METHOD_MATCH = YES;
				COPY_PHASE_STRIP = NO;
				DEBUG_INFORMATION_FORMAT = dwarf;
				ENABLE_STRICT_OBJC_MSGSEND = YES;
				ENABLE_TESTABILITY = YES;
				ENABLE_USER_SCRIPT_SANDBOXING = YES;
				GCC_C_LANGUAGE_STANDARD = gnu17;
				GCC_DYNAMIC_NO_PIC = NO;
				GCC_NO_COMMON_BLOCKS = YES;
				GCC_OPTIMIZATION_LEVEL = 0;
				GCC_PREPROCESSOR_DEFINITIONS = (
					"DEBUG=1",
					"$(inherited)",
				);
				GCC_WARN_64_TO_32_BIT_CONVERSION = YES;
				GCC_WARN_ABOUT_RETURN_TYPE = YES_ERROR;
				GCC_WARN_UNDECLARED_SELECTOR = YES;
				GCC_WARN_UNINITIALIZED_AUTOS = YES_AGGRESSIVE;
				GCC_WARN_UNUSED_FUNCTION = YES;
				GCC_WARN_UNUSED_VARIABLE = YES;
				IPHONEOS_DEPLOYMENT_TARGET = 17.2;
				LOCALIZATION_PREFERS_STRING_CATALOGS = YES;
				MTL_ENABLE_DEBUG_INFO = INCLUDE_SOURCE;
				MTL_FAST_MATH = YES;
				ONLY_ACTIVE_ARCH = YES;
				SDKROOT = iphoneos;
				SWIFT_ACTIVE_COMPILATION_CONDITIONS = "DEBUG $(inherited)";
				SWIFT_OPTIMIZATION_LEVEL = "-Onone";
			};
			name = Debug;
		};
		F798ED462B6BECBC000EA0B4 /* Release */ = {
			isa = XCBuildConfiguration;
			buildSettings = {
				ALWAYS_SEARCH_USER_PATHS = NO;
				ASSETCATALOG_COMPILER_GENERATE_SWIFT_ASSET_SYMBOL_EXTENSIONS = YES;
				CLANG_ANALYZER_NONNULL = YES;
				CLANG_ANALYZER_NUMBER_OBJECT_CONVERSION = YES_AGGRESSIVE;
				CLANG_CXX_LANGUAGE_STANDARD = "gnu++20";
				CLANG_ENABLE_MODULES = YES;
				CLANG_ENABLE_OBJC_ARC = YES;
				CLANG_ENABLE_OBJC_WEAK = YES;
				CLANG_WARN_BLOCK_CAPTURE_AUTORELEASING = YES;
				CLANG_WARN_BOOL_CONVERSION = YES;
				CLANG_WARN_COMMA = YES;
				CLANG_WARN_CONSTANT_CONVERSION = YES;
				CLANG_WARN_DEPRECATED_OBJC_IMPLEMENTATIONS = YES;
				CLANG_WARN_DIRECT_OBJC_ISA_USAGE = YES_ERROR;
				CLANG_WARN_DOCUMENTATION_COMMENTS = YES;
				CLANG_WARN_EMPTY_BODY = YES;
				CLANG_WARN_ENUM_CONVERSION = YES;
				CLANG_WARN_INFINITE_RECURSION = YES;
				CLANG_WARN_INT_CONVERSION = YES;
				CLANG_WARN_NON_LITERAL_NULL_CONVERSION = YES;
				CLANG_WARN_OBJC_IMPLICIT_RETAIN_SELF = YES;
				CLANG_WARN_OBJC_LITERAL_CONVERSION = YES;
				CLANG_WARN_OBJC_ROOT_CLASS = YES_ERROR;
				CLANG_WARN_QUOTED_INCLUDE_IN_FRAMEWORK_HEADER = YES;
				CLANG_WARN_RANGE_LOOP_ANALYSIS = YES;
				CLANG_WARN_STRICT_PROTOTYPES = YES;
				CLANG_WARN_SUSPICIOUS_MOVE = YES;
				CLANG_WARN_UNGUARDED_AVAILABILITY = YES_AGGRESSIVE;
				CLANG_WARN_UNREACHABLE_CODE = YES;
				CLANG_WARN__DUPLICATE_METHOD_MATCH = YES;
				COPY_PHASE_STRIP = NO;
				DEBUG_INFORMATION_FORMAT = "dwarf-with-dsym";
				ENABLE_NS_ASSERTIONS = NO;
				ENABLE_STRICT_OBJC_MSGSEND = YES;
				ENABLE_USER_SCRIPT_SANDBOXING = YES;
				GCC_C_LANGUAGE_STANDARD = gnu17;
				GCC_NO_COMMON_BLOCKS = YES;
				GCC_WARN_64_TO_32_BIT_CONVERSION = YES;
				GCC_WARN_ABOUT_RETURN_TYPE = YES_ERROR;
				GCC_WARN_UNDECLARED_SELECTOR = YES;
				GCC_WARN_UNINITIALIZED_AUTOS = YES_AGGRESSIVE;
				GCC_WARN_UNUSED_FUNCTION = YES;
				GCC_WARN_UNUSED_VARIABLE = YES;
				IPHONEOS_DEPLOYMENT_TARGET = 17.2;
				LOCALIZATION_PREFERS_STRING_CATALOGS = YES;
				MTL_ENABLE_DEBUG_INFO = NO;
				MTL_FAST_MATH = YES;
				SDKROOT = iphoneos;
				SWIFT_COMPILATION_MODE = wholemodule;
				VALIDATE_PRODUCT = YES;
			};
			name = Release;
		};
		F798ED482B6BECBC000EA0B4 /* Debug */ = {
			isa = XCBuildConfiguration;
			buildSettings = {
				ASSETCATALOG_COMPILER_APPICON_NAME = AppIcon;
				ASSETCATALOG_COMPILER_GLOBAL_ACCENT_COLOR_NAME = AccentColor;
				CODE_SIGN_STYLE = Automatic;
				CURRENT_PROJECT_VERSION = 1;
				DEVELOPMENT_TEAM = SPGY2XLS42;
				GENERATE_INFOPLIST_FILE = YES;
				INFOPLIST_FILE = TDD2/Info.plist;
				INFOPLIST_KEY_UIApplicationSupportsIndirectInputEvents = YES;
				INFOPLIST_KEY_UILaunchStoryboardName = LaunchScreen;
				INFOPLIST_KEY_UIMainStoryboardFile = Main;
				INFOPLIST_KEY_UISupportedInterfaceOrientations_iPad = "UIInterfaceOrientationPortrait UIInterfaceOrientationPortraitUpsideDown UIInterfaceOrientationLandscapeLeft UIInterfaceOrientationLandscapeRight";
				INFOPLIST_KEY_UISupportedInterfaceOrientations_iPhone = "UIInterfaceOrientationPortrait UIInterfaceOrientationLandscapeLeft UIInterfaceOrientationLandscapeRight";
				LD_RUNPATH_SEARCH_PATHS = (
					"$(inherited)",
					"@executable_path/Frameworks",
				);
				MARKETING_VERSION = 1.0;
				PRODUCT_BUNDLE_IDENTIFIER = Practice.TDD2;
				PRODUCT_NAME = "$(TARGET_NAME)";
				SWIFT_EMIT_LOC_STRINGS = YES;
				SWIFT_VERSION = 5.0;
				TARGETED_DEVICE_FAMILY = "1,2";
			};
			name = Debug;
		};
		F798ED492B6BECBC000EA0B4 /* Release */ = {
			isa = XCBuildConfiguration;
			buildSettings = {
				ASSETCATALOG_COMPILER_APPICON_NAME = AppIcon;
				ASSETCATALOG_COMPILER_GLOBAL_ACCENT_COLOR_NAME = AccentColor;
				CODE_SIGN_STYLE = Automatic;
				CURRENT_PROJECT_VERSION = 1;
				DEVELOPMENT_TEAM = SPGY2XLS42;
				GENERATE_INFOPLIST_FILE = YES;
				INFOPLIST_FILE = TDD2/Info.plist;
				INFOPLIST_KEY_UIApplicationSupportsIndirectInputEvents = YES;
				INFOPLIST_KEY_UILaunchStoryboardName = LaunchScreen;
				INFOPLIST_KEY_UIMainStoryboardFile = Main;
				INFOPLIST_KEY_UISupportedInterfaceOrientations_iPad = "UIInterfaceOrientationPortrait UIInterfaceOrientationPortraitUpsideDown UIInterfaceOrientationLandscapeLeft UIInterfaceOrientationLandscapeRight";
				INFOPLIST_KEY_UISupportedInterfaceOrientations_iPhone = "UIInterfaceOrientationPortrait UIInterfaceOrientationLandscapeLeft UIInterfaceOrientationLandscapeRight";
				LD_RUNPATH_SEARCH_PATHS = (
					"$(inherited)",
					"@executable_path/Frameworks",
				);
				MARKETING_VERSION = 1.0;
				PRODUCT_BUNDLE_IDENTIFIER = Practice.TDD2;
				PRODUCT_NAME = "$(TARGET_NAME)";
				SWIFT_EMIT_LOC_STRINGS = YES;
				SWIFT_VERSION = 5.0;
				TARGETED_DEVICE_FAMILY = "1,2";
			};
			name = Release;
		};
		F798ED542B6BED3D000EA0B4 /* Debug */ = {
			isa = XCBuildConfiguration;
			buildSettings = {
				BUNDLE_LOADER = "$(TEST_HOST)";
				CODE_SIGN_STYLE = Automatic;
				CURRENT_PROJECT_VERSION = 1;
				DEVELOPMENT_TEAM = SPGY2XLS42;
				GENERATE_INFOPLIST_FILE = YES;
				MARKETING_VERSION = 1.0;
				PRODUCT_BUNDLE_IDENTIFIER = Practice.TDD2Tests;
				PRODUCT_NAME = "$(TARGET_NAME)";
				SWIFT_EMIT_LOC_STRINGS = NO;
				SWIFT_VERSION = 5.0;
				TARGETED_DEVICE_FAMILY = "1,2";
				TEST_HOST = "$(BUILT_PRODUCTS_DIR)/TDD2.app/$(BUNDLE_EXECUTABLE_FOLDER_PATH)/TDD2";
			};
			name = Debug;
		};
		F798ED552B6BED3D000EA0B4 /* Release */ = {
			isa = XCBuildConfiguration;
			buildSettings = {
				BUNDLE_LOADER = "$(TEST_HOST)";
				CODE_SIGN_STYLE = Automatic;
				CURRENT_PROJECT_VERSION = 1;
				DEVELOPMENT_TEAM = SPGY2XLS42;
				GENERATE_INFOPLIST_FILE = YES;
				MARKETING_VERSION = 1.0;
				PRODUCT_BUNDLE_IDENTIFIER = Practice.TDD2Tests;
				PRODUCT_NAME = "$(TARGET_NAME)";
				SWIFT_EMIT_LOC_STRINGS = NO;
				SWIFT_VERSION = 5.0;
				TARGETED_DEVICE_FAMILY = "1,2";
				TEST_HOST = "$(BUILT_PRODUCTS_DIR)/TDD2.app/$(BUNDLE_EXECUTABLE_FOLDER_PATH)/TDD2";
			};
			name = Release;
		};
/* End XCBuildConfiguration section */

/* Begin XCConfigurationList section */
		F798ED2E2B6BECBB000EA0B4 /* Build configuration list for PBXProject "TDD2" */ = {
			isa = XCConfigurationList;
			buildConfigurations = (
				F798ED452B6BECBC000EA0B4 /* Debug */,
				F798ED462B6BECBC000EA0B4 /* Release */,
			);
			defaultConfigurationIsVisible = 0;
			defaultConfigurationName = Release;
		};
		F798ED472B6BECBC000EA0B4 /* Build configuration list for PBXNativeTarget "TDD2" */ = {
			isa = XCConfigurationList;
			buildConfigurations = (
				F798ED482B6BECBC000EA0B4 /* Debug */,
				F798ED492B6BECBC000EA0B4 /* Release */,
			);
			defaultConfigurationIsVisible = 0;
			defaultConfigurationName = Release;
		};
		F798ED562B6BED3D000EA0B4 /* Build configuration list for PBXNativeTarget "TDD2Tests" */ = {
			isa = XCConfigurationList;
			buildConfigurations = (
				F798ED542B6BED3D000EA0B4 /* Debug */,
				F798ED552B6BED3D000EA0B4 /* Release */,
			);
			defaultConfigurationIsVisible = 0;
			defaultConfigurationName = Release;
		};
/* End XCConfigurationList section */
	};
	rootObject = F798ED2B2B6BECBB000EA0B4 /* Project object */;
}
